
Microsoft Visual Studio Solution File, Format Version 12.00
# Visual Studio Version 17
VisualStudioVersion = 17.9.34616.47
MinimumVisualStudioVersion = 10.0.40219.1
Project("{8BC9CEB8-8B4A-11D0-8D11-00A0C91BC942}") = "CircularQueues_0145", "CircularQueues_0145\CircularQueues_0145.vcxproj", "{4AA0A311-89FC-4DE2-AA4D-A2C6148A4C52}"
EndProject
Global
	GlobalSection(SolutionConfigurationPlatforms) = preSolution
		Debug|x64 = Debug|x64
		Debug|x86 = Debug|x86
		Release|x64 = Release|x64
		Release|x86 = Release|x86
	EndGlobalSection
	GlobalSection(ProjectConfigurationPlatforms) = postSolution
		{4AA0A311-89FC-4DE2-AA4D-A2C6148A4C52}.Debug|x64.ActiveCfg = Debug|x64
		{4AA0A311-89FC-4DE2-AA4D-A2C6148A4C52}.Debug|x64.Build.0 = Debug|x64
		{4AA0A311-89FC-4DE2-AA4D-A2C6148A4C52}.Debug|x86.ActiveCfg = Debug|Win32
		{4AA0A311-89FC-4DE2-AA4D-A2C6148A4C52}.Debug|x86.Build.0 = Debug|Win32
		{4AA0A311-89FC-4DE2-AA4D-A2C6148A4C52}.Release|x64.ActiveCfg = Release|x64
		{4AA0A311-89FC-4DE2-AA4D-A2C6148A4C52}.Release|x64.Build.0 = Release|x64
		{4AA0A311-89FC-4DE2-AA4D-A2C6148A4C52}.Release|x86.ActiveCfg = Release|Win32
		{4AA0A311-89FC-4DE2-AA4D-A2C6148A4C52}.Release|x86.Build.0 = Release|Win32
	EndGlobalSection
	GlobalSection(SolutionProperties) = preSolution
		HideSolutionNode = FALSE
	EndGlobalSection
	GlobalSection(ExtensibilityGlobals) = postSolution
		SolutionGuid = {BD4E5C1B-106B-444E-A414-B74C0CF445E5}
	EndGlobalSection
EndGlobal
